{
  "name": "mikrotik",
  "version": "1.0.0",
  "lockfileVersion": 3,
  "requires": true,
  "packages": {
    "": {
      "name": "mikrotik",
      "version": "1.0.0",
      "license": "ISC",
      "dependencies": {
        "mikronode": "^2.3.11"
      }
    },
    "node_modules/core-decorators": {
      "version": "0.20.0",
      "resolved": "https://registry.npmjs.org/core-decorators/-/core-decorators-0.20.0.tgz",
      "integrity": "sha512-7cp/Pz3AmQXjRwhAsFN+8ndRiBNyLxtZgC/fhKvrwQTf2ZlZma6LnimoJPrOqgxZ0tIeI9VvSs+QKe0OPJ0SuA==",
      "peer": true
    },
    "node_modules/mikronode": {
      "version": "2.3.11",
      "resolved": "https://registry.npmjs.org/mikronode/-/mikronode-2.3.11.tgz",
      "integrity": "sha512-FRtWHZFPhyPEA+7qwGJK7clU8gjz+TdPy8JizuEGTroqiJ9J0vSoOLPu5kUocv2nTyMsljc44O9OzOT7eWI25Q==",
      "engines": {
        "node": ">= 6"
      },
      "peerDependencies": {
        "core-decorators": ">=0.12.3 && <1.0.0",
        "rxjs": "^5.3.0"
      }
    },
    "node_modules/rxjs": {
      "version": "5.5.12",
      "resolved": "https://registry.npmjs.org/rxjs/-/rxjs-5.5.12.tgz",
      "integrity": "sha512-xx2itnL5sBbqeeiVgNPVuQQ1nC8Jp2WfNJhXWHmElW9YmrpS9UVnNzhP3EH3HFqexO5Tlp8GhYY+WEcqcVMvGw==",
      "peer": true,
      "dependencies": {
        "symbol-observable": "1.0.1"
      },
      "engines": {
        "npm": ">=2.0.0"
      }
    },
    "node_modules/symbol-observable": {
      "version": "1.0.1",
      "resolved": "https://registry.npmjs.org/symbol-observable/-/symbol-observable-1.0.1.tgz",
      "integrity": "sha512-Kb3PrPYz4HanVF1LVGuAdW6LoVgIwjUYJGzFe7NDrBLCN4lsV/5J0MFurV+ygS4bRVwrCEt2c7MQ1R2a72oJDw==",
      "peer": true,
      "engines": {
        "node": ">=0.10.0"
      }
    }
  }
}
